
Microsoft Visual Studio Solution File, Format Version 12.00
# Visual Studio Version 16
VisualStudioVersion = 16.0.32602.291
MinimumVisualStudioVersion = 10.0.40219.1
Project("{FAE04EC0-301F-11D3-BF4B-00C04F79EFBC}") = "Prescribing System", "Prescribing System\Prescribing System.csproj", "{6DFE390D-303F-4F88-8878-978796E3AAAD}"
EndProject
Global
	GlobalSection(SolutionConfigurationPlatforms) = preSolution
		Debug|Any CPU = Debug|Any CPU
		Release|Any CPU = Release|Any CPU
	EndGlobalSection
	GlobalSection(ProjectConfigurationPlatforms) = postSolution
		{6DFE390D-303F-4F88-8878-978796E3AAAD}.Debug|Any CPU.ActiveCfg = Debug|Any CPU
		{6DFE390D-303F-4F88-8878-978796E3AAAD}.Debug|Any CPU.Build.0 = Debug|Any CPU
		{6DFE390D-303F-4F88-8878-978796E3AAAD}.Release|Any CPU.ActiveCfg = Release|Any CPU
		{6DFE390D-303F-4F88-8878-978796E3AAAD}.Release|Any CPU.Build.0 = Release|Any CPU
	EndGlobalSection
	GlobalSection(SolutionProperties) = preSolution
		HideSolutionNode = FALSE
	EndGlobalSection
	GlobalSection(ExtensibilityGlobals) = postSolution
		SolutionGuid = {583ACC7D-7A44-4F42-960E-C2E34DE69ABE}
	EndGlobalSection
EndGlobal
